{
  "name": "style-eye",
  "version": "1.0.0",
  "lockfileVersion": 3,
  "requires": true,
  "packages": {
    "": {
      "name": "style-eye",
      "version": "1.0.0",
      "license": "ISC",
      "dependencies": {
        "style-eye": "file:",
        "style-eyes": "file:"
      }
    },
    "node_modules/style-eye": {
      "resolved": "",
      "link": true
    },
    "node_modules/style-eyes": {
      "resolved": "",
      "link": true
    }
  }
}
